
Microsoft Visual Studio Solution File, Format Version 12.00
# Visual Studio Version 17
VisualStudioVersion = 17.0.31903.59
MinimumVisualStudioVersion = 10.0.40219.1
Project("{FAE04EC0-301F-11D3-BF4B-00C04F79EFBC}") = "ImageGen", "ImageGen\ImageGen.csproj", "{1A38A9D8-1934-4A2F-919C-8E5F2560E7FB}"
EndProject
Project("{FAE04EC0-301F-11D3-BF4B-00C04F79EFBC}") = "ImageGen.Web", "ImageGen.Web\ImageGen.Web.csproj", "{B8D3F2E1-4A7C-5D9E-8F2B-6C3A9E1D4F5B}"
EndProject
Project("{2150E333-8FDC-42A3-9474-1A3956D46DE8}") = "Docs", "Docs", "{EAE18313-4BEF-4795-8E13-9AEBF050BC72}"
	ProjectSection(SolutionItems) = preProject
		README.md = README.md
	EndProjectSection
EndProject
Global
	GlobalSection(SolutionConfigurationPlatforms) = preSolution
		Debug|Any CPU = Debug|Any CPU
		Debug|x64 = Debug|x64
		Debug|x86 = Debug|x86
		Release|Any CPU = Release|Any CPU
		Release|x64 = Release|x64
		Release|x86 = Release|x86
	EndGlobalSection
	GlobalSection(ProjectConfigurationPlatforms) = postSolution
		{1A38A9D8-1934-4A2F-919C-8E5F2560E7FB}.Debug|Any CPU.ActiveCfg = Debug|Any CPU
		{1A38A9D8-1934-4A2F-919C-8E5F2560E7FB}.Debug|Any CPU.Build.0 = Debug|Any CPU
		{1A38A9D8-1934-4A2F-919C-8E5F2560E7FB}.Debug|x64.ActiveCfg = Debug|Any CPU
		{1A38A9D8-1934-4A2F-919C-8E5F2560E7FB}.Debug|x64.Build.0 = Debug|Any CPU
		{1A38A9D8-1934-4A2F-919C-8E5F2560E7FB}.Debug|x86.ActiveCfg = Debug|Any CPU
		{1A38A9D8-1934-4A2F-919C-8E5F2560E7FB}.Debug|x86.Build.0 = Debug|Any CPU
		{1A38A9D8-1934-4A2F-919C-8E5F2560E7FB}.Release|Any CPU.ActiveCfg = Release|Any CPU
		{1A38A9D8-1934-4A2F-919C-8E5F2560E7FB}.Release|Any CPU.Build.0 = Release|Any CPU
		{1A38A9D8-1934-4A2F-919C-8E5F2560E7FB}.Release|x64.ActiveCfg = Release|Any CPU
		{1A38A9D8-1934-4A2F-919C-8E5F2560E7FB}.Release|x64.Build.0 = Release|Any CPU
		{1A38A9D8-1934-4A2F-919C-8E5F2560E7FB}.Release|x86.ActiveCfg = Release|Any CPU
		{1A38A9D8-1934-4A2F-919C-8E5F2560E7FB}.Release|x86.Build.0 = Release|Any CPU
		{B8D3F2E1-4A7C-5D9E-8F2B-6C3A9E1D4F5B}.Debug|Any CPU.ActiveCfg = Debug|Any CPU
		{B8D3F2E1-4A7C-5D9E-8F2B-6C3A9E1D4F5B}.Debug|Any CPU.Build.0 = Debug|Any CPU
		{B8D3F2E1-4A7C-5D9E-8F2B-6C3A9E1D4F5B}.Debug|x64.ActiveCfg = Debug|Any CPU
		{B8D3F2E1-4A7C-5D9E-8F2B-6C3A9E1D4F5B}.Debug|x64.Build.0 = Debug|Any CPU
		{B8D3F2E1-4A7C-5D9E-8F2B-6C3A9E1D4F5B}.Debug|x86.ActiveCfg = Debug|Any CPU
		{B8D3F2E1-4A7C-5D9E-8F2B-6C3A9E1D4F5B}.Debug|x86.Build.0 = Debug|Any CPU
		{B8D3F2E1-4A7C-5D9E-8F2B-6C3A9E1D4F5B}.Release|Any CPU.ActiveCfg = Release|Any CPU
		{B8D3F2E1-4A7C-5D9E-8F2B-6C3A9E1D4F5B}.Release|Any CPU.Build.0 = Release|Any CPU
		{B8D3F2E1-4A7C-5D9E-8F2B-6C3A9E1D4F5B}.Release|x64.ActiveCfg = Release|Any CPU
		{B8D3F2E1-4A7C-5D9E-8F2B-6C3A9E1D4F5B}.Release|x64.Build.0 = Release|Any CPU
		{B8D3F2E1-4A7C-5D9E-8F2B-6C3A9E1D4F5B}.Release|x86.ActiveCfg = Release|Any CPU
		{B8D3F2E1-4A7C-5D9E-8F2B-6C3A9E1D4F5B}.Release|x86.Build.0 = Release|Any CPU
	EndGlobalSection
	GlobalSection(SolutionProperties) = preSolution
		HideSolutionNode = FALSE
	EndGlobalSection
EndGlobal
